
Microsoft Visual Studio Solution File, Format Version 12.00
# Visual Studio Version 16
VisualStudioVersion = 16.0.31727.386
MinimumVisualStudioVersion = 10.0.40219.1
Project("{FAE04EC0-301F-11D3-BF4B-00C04F79EFBC}") = "Estoque.UI", "Estoque.UI\Estoque.UI.csproj", "{0CFD3E07-6F83-4E45-B836-C19BEFF2BA58}"
	ProjectSection(ProjectDependencies) = postProject
		{FAFB732A-9B3D-4CF9-9ADF-54B95F85BECE} = {FAFB732A-9B3D-4CF9-9ADF-54B95F85BECE}
	EndProjectSection
EndProject
Project("{FAE04EC0-301F-11D3-BF4B-00C04F79EFBC}") = "Estoque", "Estoque\Estoque.csproj", "{FAFB732A-9B3D-4CF9-9ADF-54B95F85BECE}"
EndProject
Global
	GlobalSection(SolutionConfigurationPlatforms) = preSolution
		Debug|Any CPU = Debug|Any CPU
		Release|Any CPU = Release|Any CPU
	EndGlobalSection
	GlobalSection(ProjectConfigurationPlatforms) = postSolution
		{0CFD3E07-6F83-4E45-B836-C19BEFF2BA58}.Debug|Any CPU.ActiveCfg = Debug|Any CPU
		{0CFD3E07-6F83-4E45-B836-C19BEFF2BA58}.Debug|Any CPU.Build.0 = Debug|Any CPU
		{0CFD3E07-6F83-4E45-B836-C19BEFF2BA58}.Release|Any CPU.ActiveCfg = Release|Any CPU
		{0CFD3E07-6F83-4E45-B836-C19BEFF2BA58}.Release|Any CPU.Build.0 = Release|Any CPU
		{FAFB732A-9B3D-4CF9-9ADF-54B95F85BECE}.Debug|Any CPU.ActiveCfg = Debug|Any CPU
		{FAFB732A-9B3D-4CF9-9ADF-54B95F85BECE}.Debug|Any CPU.Build.0 = Debug|Any CPU
		{FAFB732A-9B3D-4CF9-9ADF-54B95F85BECE}.Release|Any CPU.ActiveCfg = Release|Any CPU
		{FAFB732A-9B3D-4CF9-9ADF-54B95F85BECE}.Release|Any CPU.Build.0 = Release|Any CPU
	EndGlobalSection
	GlobalSection(SolutionProperties) = preSolution
		HideSolutionNode = FALSE
	EndGlobalSection
	GlobalSection(ExtensibilityGlobals) = postSolution
		SolutionGuid = {C8255E50-52C0-4DD3-888B-4252EC900C97}
	EndGlobalSection
EndGlobal
